# THIS IS AN AUTOGENERATED FILE. DO NOT EDIT THIS FILE DIRECTLY.
# yarn lockfile v1


"@types/archiver@^5.3.4":
  version "5.3.4"
  resolved "https://registry.yarnpkg.com/@types/archiver/-/archiver-5.3.4.tgz#32172d5a56f165b5b4ac902e366248bf03d3ae84"
  integrity sha512-Lj7fLBIMwYFgViVVZHEdExZC3lVYsl+QL0VmdNdIzGZH544jHveYWij6qdnBgJQDnR7pMKliN9z2cPZFEbhyPw==
  dependencies:
    "@types/readdir-glob" "*"

"@types/node@*", "@types/node@^20.8.7":
  version "20.8.8"
  resolved "https://registry.yarnpkg.com/@types/node/-/node-20.8.8.tgz#adee050b422061ad5255fc38ff71b2bb96ea2a0e"
  integrity sha512-YRsdVxq6OaLfmR9Hy816IMp33xOBjfyOgUd77ehqg96CFywxAPbDbXvAsuN2KVg2HOT8Eh6uAfU+l4WffwPVrQ==
  dependencies:
    undici-types "~5.25.1"

"@types/readdir-glob@*":
  version "1.1.3"
  resolved "https://registry.yarnpkg.com/@types/readdir-glob/-/readdir-glob-1.1.3.tgz#c0139aff7027ea6c4b87920d17cfb7b31b97dfca"
  integrity sha512-trCChHpWDGCJCUPJRwD62eapW4KOru6h4S7n9KUIESaxhyBM/2Jh20P3XrFRQQ6Df78E/rq2DbUCVZlI8CXPnA==
  dependencies:
    "@types/node" "*"

"@types/ws@^8.2.2":
  version "8.5.8"
  resolved "https://registry.yarnpkg.com/@types/ws/-/ws-8.5.8.tgz#13efec7bd439d0bdf2af93030804a94f163b1430"
  integrity sha512-flUksGIQCnJd6sZ1l5dqCEG/ksaoAg/eUwiLAGTJQcfgvZJKF++Ta4bJA6A5aPSJmsr+xlseHn4KLgVlNnvPTg==
  dependencies:
    "@types/node" "*"

"@types/yazl@^2.4.4":
  version "2.4.4"
  resolved "https://registry.yarnpkg.com/@types/yazl/-/yazl-2.4.4.tgz#33a7c48e5e308902c8195bfa01c0e0d40cd015e6"
  integrity sha512-oIm9eKVrxukZgW05COfMzX9Zcz+cJmywKAULOVMr2ji9Bjly701zgjNDtFsVQsVlXsRMLwnIfUNqSpC1Uz+iaw==
  dependencies:
    "@types/node" "*"

archiver-utils@^4.0.1:
  version "4.0.1"
  resolved "https://registry.yarnpkg.com/archiver-utils/-/archiver-utils-4.0.1.tgz#66ad15256e69589a77f706c90c6dbcc1b2775d2a"
  integrity sha512-Q4Q99idbvzmgCTEAAhi32BkOyq8iVI5EwdO0PmBDSGIzzjYNdcFn7Q7k3OzbLy4kLUPXfJtG6fO2RjftXbobBg==
  dependencies:
    glob "^8.0.0"
    graceful-fs "^4.2.0"
    lazystream "^1.0.0"
    lodash "^4.17.15"
    normalize-path "^3.0.0"
    readable-stream "^3.6.0"

archiver@^6.0.1:
  version "6.0.1"
  resolved "https://registry.yarnpkg.com/archiver/-/archiver-6.0.1.tgz#d56968d4c09df309435adb5a1bbfc370dae48133"
  integrity sha512-CXGy4poOLBKptiZH//VlWdFuUC1RESbdZjGjILwBuZ73P7WkAUN0htfSfBq/7k6FRFlpu7bg4JOkj1vU9G6jcQ==
  dependencies:
    archiver-utils "^4.0.1"
    async "^3.2.4"
    buffer-crc32 "^0.2.1"
    readable-stream "^3.6.0"
    readdir-glob "^1.1.2"
    tar-stream "^3.0.0"
    zip-stream "^5.0.1"

async@^3.2.4:
  version "3.2.4"
  resolved "https://registry.yarnpkg.com/async/-/async-3.2.4.tgz#2d22e00f8cddeb5fde5dd33522b56d1cf569a81c"
  integrity sha512-iAB+JbDEGXhyIUavoDl9WP/Jj106Kz9DEn1DPgYw5ruDn0e3Wgi3sKFm55sASdGBNOQB8F59d9qQ7deqrHA8wQ==

b4a@^1.6.4:
  version "1.6.4"
  resolved "https://registry.yarnpkg.com/b4a/-/b4a-1.6.4.tgz#ef1c1422cae5ce6535ec191baeed7567443f36c9"
  integrity sha512-fpWrvyVHEKyeEvbKZTVOeZF3VSKKWtJxFIxX/jaVPf+cLbGUSitjb49pHLqPV2BUNNZ0LcoeEGfE/YCpyDYHIw==

balanced-match@^1.0.0:
  version "1.0.2"
  resolved "https://registry.yarnpkg.com/balanced-match/-/balanced-match-1.0.2.tgz#e83e3a7e3f300b34cb9d87f615fa0cbf357690ee"
  integrity sha512-3oSeUO0TMV67hN1AmbXsK4yaqU7tjiHlbxRDZOpH0KW9+CeX4bRAaX0Anxt0tx2MrpRpWwQaPwIlISEJhYU5Pw==

brace-expansion@^2.0.1:
  version "2.0.1"
  resolved "https://registry.yarnpkg.com/brace-expansion/-/brace-expansion-2.0.1.tgz#1edc459e0f0c548486ecf9fc99f2221364b9a0ae"
  integrity sha512-XnAIvQ8eM+kC6aULx6wuQiwVsnzsi9d3WxzV3FpWTGA19F621kwdbsAcFKXgKUHZWsy+mY6iL1sHTxWEFCytDA==
  dependencies:
    balanced-match "^1.0.0"

buffer-crc32@^0.2.1, buffer-crc32@~0.2.3:
  version "0.2.13"
  resolved "https://registry.yarnpkg.com/buffer-crc32/-/buffer-crc32-0.2.13.tgz#0d333e3f00eac50aa1454abd30ef8c2a5d9a7242"
  integrity sha512-VO9Ht/+p3SN7SKWqcrgEzjGbRSJYTx+Q1pTQC0wrWqHx0vpJraQ6GtHx8tvcg1rlK1byhU5gccxgOgj7B0TDkQ==

compress-commons@^5.0.1:
  version "5.0.1"
  resolved "https://registry.yarnpkg.com/compress-commons/-/compress-commons-5.0.1.tgz#e46723ebbab41b50309b27a0e0f6f3baed2d6590"
  integrity sha512-MPh//1cERdLtqwO3pOFLeXtpuai0Y2WCd5AhtKxznqM7WtaMYaOEMSgn45d9D10sIHSfIKE603HlOp8OPGrvag==
  dependencies:
    crc-32 "^1.2.0"
    crc32-stream "^5.0.0"
    normalize-path "^3.0.0"
    readable-stream "^3.6.0"

core-util-is@~1.0.0:
  version "1.0.3"
  resolved "https://registry.yarnpkg.com/core-util-is/-/core-util-is-1.0.3.tgz#a6042d3634c2b27e9328f837b965fac83808db85"
  integrity sha512-ZQBvi1DcpJ4GDqanjucZ2Hj3wEO5pZDS89BWbkcrvdxksJorwUDDZamX9ldFkp9aw2lmBDLgkObEA4DWNJ9FYQ==

crc-32@^1.2.0:
  version "1.2.2"
  resolved "https://registry.yarnpkg.com/crc-32/-/crc-32-1.2.2.tgz#3cad35a934b8bf71f25ca524b6da51fb7eace2ff"
  integrity sha512-ROmzCKrTnOwybPcJApAA6WBWij23HVfGVNKqqrZpuyZOHqK2CwHSvpGuyt/UNNvaIjEd8X5IFGp4Mh+Ie1IHJQ==

crc32-stream@^5.0.0:
  version "5.0.0"
  resolved "https://registry.yarnpkg.com/crc32-stream/-/crc32-stream-5.0.0.tgz#a97d3a802c8687f101c27cc17ca5253327354720"
  integrity sha512-B0EPa1UK+qnpBZpG+7FgPCu0J2ETLpXq09o9BkLkEAhdB6Z61Qo4pJ3JYu0c+Qi+/SAL7QThqnzS06pmSSyZaw==
  dependencies:
    crc-32 "^1.2.0"
    readable-stream "^3.4.0"

fast-fifo@^1.1.0, fast-fifo@^1.2.0:
  version "1.3.2"
  resolved "https://registry.yarnpkg.com/fast-fifo/-/fast-fifo-1.3.2.tgz#286e31de96eb96d38a97899815740ba2a4f3640c"
  integrity sha512-/d9sfos4yxzpwkDkuN7k2SqFKtYNmCTzgfEpz82x34IM9/zc8KGxQoXg1liNC/izpRM/MBdt44Nmx41ZWqk+FQ==

fs.realpath@^1.0.0:
  version "1.0.0"
  resolved "https://registry.yarnpkg.com/fs.realpath/-/fs.realpath-1.0.0.tgz#1504ad2523158caa40db4a2787cb01411994ea4f"
  integrity sha512-OO0pH2lK6a0hZnAdau5ItzHPI6pUlvI7jMVnxUQRtw4owF2wk8lOSabtGDCTP4Ggrg2MbGnWO9X8K1t4+fGMDw==

glob@^8.0.0:
  version "8.1.0"
  resolved "https://registry.yarnpkg.com/glob/-/glob-8.1.0.tgz#d388f656593ef708ee3e34640fdfb99a9fd1c33e"
  integrity sha512-r8hpEjiQEYlF2QU0df3dS+nxxSIreXQS1qRhMJM0Q5NDdR386C7jb7Hwwod8Fgiuex+k0GFjgft18yvxm5XoCQ==
  dependencies:
    fs.realpath "^1.0.0"
    inflight "^1.0.4"
    inherits "2"
    minimatch "^5.0.1"
    once "^1.3.0"

graceful-fs@^4.2.0:
  version "4.2.11"
  resolved "https://registry.yarnpkg.com/graceful-fs/-/graceful-fs-4.2.11.tgz#4183e4e8bf08bb6e05bbb2f7d2e0c8f712ca40e3"
  integrity sha512-RbJ5/jmFcNNCcDV5o9eTnBLJ/HszWV0P73bc+Ff4nS/rJj+YaS6IGyiOL0VoBYX+l1Wrl3k63h/KrH+nhJ0XvQ==

inflight@^1.0.4:
  version "1.0.6"
  resolved "https://registry.yarnpkg.com/inflight/-/inflight-1.0.6.tgz#49bd6331d7d02d0c09bc910a1075ba8165b56df9"
  integrity sha512-k92I/b08q4wvFscXCLvqfsHCrjrF7yiXsQuIVvVE7N82W3+aqpzuUdBbfhWcy/FZR3/4IgflMgKLOsvPDrGCJA==
  dependencies:
    once "^1.3.0"
    wrappy "1"

inherits@2, inherits@^2.0.3, inherits@~2.0.3:
  version "2.0.4"
  resolved "https://registry.yarnpkg.com/inherits/-/inherits-2.0.4.tgz#0fa2c64f932917c3433a0ded55363aae37416b7c"
  integrity sha512-k/vGaX4/Yla3WzyMCvTQOXYeIHvqOKtnqBduzTHpzpQZzAskKMhZ2K+EnBiSM9zGSoIFeMpXKxa4dYeZIQqewQ==

isarray@~1.0.0:
  version "1.0.0"
  resolved "https://registry.yarnpkg.com/isarray/-/isarray-1.0.0.tgz#bb935d48582cba168c06834957a54a3e07124f11"
  integrity sha512-VLghIWNM6ELQzo7zwmcg0NmTVyWKYjvIeM83yjp0wRDTmUnrM678fQbcKBo6n2CJEF0szoG//ytg+TKla89ALQ==

lazystream@^1.0.0:
  version "1.0.1"
  resolved "https://registry.yarnpkg.com/lazystream/-/lazystream-1.0.1.tgz#494c831062f1f9408251ec44db1cba29242a2638"
  integrity sha512-b94GiNHQNy6JNTrt5w6zNyffMrNkXZb3KTkCZJb2V1xaEGCk093vkZ2jk3tpaeP33/OiXC+WvK9AxUebnf5nbw==
  dependencies:
    readable-stream "^2.0.5"

lodash@^4.17.15:
  version "4.17.21"
  resolved "https://registry.yarnpkg.com/lodash/-/lodash-4.17.21.tgz#679591c564c3bffaae8454cf0b3df370c3d6911c"
  integrity sha512-v2kDEe57lecTulaDIuNTPy3Ry4gLGJ6Z1O3vE1krgXZNrsQ+LFTGHVxVjcXPs17LhbZVGedAJv8XZ1tvj5FvSg==

minimatch@^5.0.1, minimatch@^5.1.0:
  version "5.1.6"
  resolved "https://registry.yarnpkg.com/minimatch/-/minimatch-5.1.6.tgz#1cfcb8cf5522ea69952cd2af95ae09477f122a96"
  integrity sha512-lKwV/1brpG6mBUFHtb7NUmtABCb2WZZmm2wNiOA5hAb8VdCS4B3dtMWyvcoViccwAW/COERjXLt0zP1zXUN26g==
  dependencies:
    brace-expansion "^2.0.1"

normalize-path@^3.0.0:
  version "3.0.0"
  resolved "https://registry.yarnpkg.com/normalize-path/-/normalize-path-3.0.0.tgz#0dcd69ff23a1c9b11fd0978316644a0388216a65"
  integrity sha512-6eZs5Ls3WtCisHWp9S2GUy8dqkpGi4BVSz3GaqiE6ezub0512ESztXUwUB6C6IKbQkY2Pnb/mD4WYojCRwcwLA==

once@^1.3.0:
  version "1.4.0"
  resolved "https://registry.yarnpkg.com/once/-/once-1.4.0.tgz#583b1aa775961d4b113ac17d9c50baef9dd76bd1"
  integrity sha512-lNaJgI+2Q5URQBkccEKHTQOPaXdUxnZZElQTZY0MFUAuaEqe1E+Nyvgdz/aIyNi6Z9MzO5dv1H8n58/GELp3+w==
  dependencies:
    wrappy "1"

process-nextick-args@~2.0.0:
  version "2.0.1"
  resolved "https://registry.yarnpkg.com/process-nextick-args/-/process-nextick-args-2.0.1.tgz#7820d9b16120cc55ca9ae7792680ae7dba6d7fe2"
  integrity sha512-3ouUOpQhtgrbOa17J7+uxOTpITYWaGP7/AhoR3+A+/1e9skrzelGi/dXzEYyvbxubEF6Wn2ypscTKiKJFFn1ag==

queue-tick@^1.0.1:
  version "1.0.1"
  resolved "https://registry.yarnpkg.com/queue-tick/-/queue-tick-1.0.1.tgz#f6f07ac82c1fd60f82e098b417a80e52f1f4c142"
  integrity sha512-kJt5qhMxoszgU/62PLP1CJytzd2NKetjSRnyuj31fDd3Rlcz3fzlFdFLD1SItunPwyqEOkca6GbV612BWfaBag==

readable-stream@^2.0.5:
  version "2.3.8"
  resolved "https://registry.yarnpkg.com/readable-stream/-/readable-stream-2.3.8.tgz#91125e8042bba1b9887f49345f6277027ce8be9b"
  integrity sha512-8p0AUk4XODgIewSi0l8Epjs+EVnWiK7NoDIEGU0HhE7+ZyY8D1IMY7odu5lRrFXGg71L15KG8QrPmum45RTtdA==
  dependencies:
    core-util-is "~1.0.0"
    inherits "~2.0.3"
    isarray "~1.0.0"
    process-nextick-args "~2.0.0"
    safe-buffer "~5.1.1"
    string_decoder "~1.1.1"
    util-deprecate "~1.0.1"

readable-stream@^3.4.0, readable-stream@^3.6.0:
  version "3.6.2"
  resolved "https://registry.yarnpkg.com/readable-stream/-/readable-stream-3.6.2.tgz#56a9b36ea965c00c5a93ef31eb111a0f11056967"
  integrity sha512-9u/sniCrY3D5WdsERHzHE4G2YCXqoG5FTHUiCC4SIbr6XcLZBY05ya9EKjYek9O5xOAwjGq+1JdGBAS7Q9ScoA==
  dependencies:
    inherits "^2.0.3"
    string_decoder "^1.1.1"
    util-deprecate "^1.0.1"

readdir-glob@^1.1.2:
  version "1.1.3"
  resolved "https://registry.yarnpkg.com/readdir-glob/-/readdir-glob-1.1.3.tgz#c3d831f51f5e7bfa62fa2ffbe4b508c640f09584"
  integrity sha512-v05I2k7xN8zXvPD9N+z/uhXPaj0sUFCe2rcWZIpBsqxfP7xXFQ0tipAd/wjj1YxWyWtUS5IDJpOG82JKt2EAVA==
  dependencies:
    minimatch "^5.1.0"

safe-buffer@~5.1.0, safe-buffer@~5.1.1:
  version "5.1.2"
  resolved "https://registry.yarnpkg.com/safe-buffer/-/safe-buffer-5.1.2.tgz#991ec69d296e0313747d59bdfd2b745c35f8828d"
  integrity sha512-Gd2UZBJDkXlY7GbJxfsE8/nvKkUEU1G38c1siN6QP6a9PT9MmHB8GnpscSmMJSoF8LOIrt8ud/wPtojys4G6+g==

safe-buffer@~5.2.0:
  version "5.2.1"
  resolved "https://registry.yarnpkg.com/safe-buffer/-/safe-buffer-5.2.1.tgz#1eaf9fa9bdb1fdd4ec75f58f9cdb4e6b7827eec6"
  integrity sha512-rp3So07KcdmmKbGvgaNxQSJr7bGVSVk5S9Eq1F+ppbRo70+YeaDxkw5Dd8NPN+GD6bjnYm2VuPuCXmpuYvmCXQ==

streamx@^2.15.0:
  version "2.15.1"
  resolved "https://registry.yarnpkg.com/streamx/-/streamx-2.15.1.tgz#396ad286d8bc3eeef8f5cea3f029e81237c024c6"
  integrity sha512-fQMzy2O/Q47rgwErk/eGeLu/roaFWV0jVsogDmrszM9uIw8L5OA+t+V93MgYlufNptfjmYR1tOMWhei/Eh7TQA==
  dependencies:
    fast-fifo "^1.1.0"
    queue-tick "^1.0.1"

string_decoder@^1.1.1:
  version "1.3.0"
  resolved "https://registry.yarnpkg.com/string_decoder/-/string_decoder-1.3.0.tgz#42f114594a46cf1a8e30b0a84f56c78c3edac21e"
  integrity sha512-hkRX8U1WjJFd8LsDJ2yQ/wWWxaopEsABU1XfkM8A+j0+85JAGppt16cr1Whg6KIbb4okU6Mql6BOj+uup/wKeA==
  dependencies:
    safe-buffer "~5.2.0"

string_decoder@~1.1.1:
  version "1.1.1"
  resolved "https://registry.yarnpkg.com/string_decoder/-/string_decoder-1.1.1.tgz#9cf1611ba62685d7030ae9e4ba34149c3af03fc8"
  integrity sha512-n/ShnvDi6FHbbVfviro+WojiFzv+s8MPMHBczVePfUpDJLwoLT0ht1l4YwBCbi8pJAveEEdnkHyPyTP/mzRfwg==
  dependencies:
    safe-buffer "~5.1.0"

tar-stream@^3.0.0:
  version "3.1.6"
  resolved "https://registry.yarnpkg.com/tar-stream/-/tar-stream-3.1.6.tgz#6520607b55a06f4a2e2e04db360ba7d338cc5bab"
  integrity sha512-B/UyjYwPpMBv+PaFSWAmtYjwdrlEaZQEhMIBFNC5oEG8lpiW8XjcSdmEaClj28ArfKScKHs2nshz3k2le6crsg==
  dependencies:
    b4a "^1.6.4"
    fast-fifo "^1.2.0"
    streamx "^2.15.0"

typescript@^5.2.2:
  version "5.2.2"
  resolved "https://registry.yarnpkg.com/typescript/-/typescript-5.2.2.tgz#5ebb5e5a5b75f085f22bc3f8460fba308310fa78"
  integrity sha512-mI4WrpHsbCIcwT9cF4FZvr80QUeKvsUsUvKDoR+X/7XHQH98xYD8YHZg7ANtz2GtZt/CBq2QJ0thkGJMHfqc1w==

undici-types@~5.25.1:
  version "5.25.3"
  resolved "https://registry.yarnpkg.com/undici-types/-/undici-types-5.25.3.tgz#e044115914c85f0bcbb229f346ab739f064998c3"
  integrity sha512-Ga1jfYwRn7+cP9v8auvEXN1rX3sWqlayd4HP7OKk4mZWylEmu3KzXDUGrQUN6Ol7qo1gPvB2e5gX6udnyEPgdA==

util-deprecate@^1.0.1, util-deprecate@~1.0.1:
  version "1.0.2"
  resolved "https://registry.yarnpkg.com/util-deprecate/-/util-deprecate-1.0.2.tgz#450d4dc9fa70de732762fbd2d4a28981419a0ccf"
  integrity sha512-EPD5q1uXyFxJpCrLnCc1nHnq3gOa6DZBocAIiI2TaSCA7VCJ1UJDMagCzIkXNsUYfD1daK//LTEQ8xiIbrHtcw==

wrappy@1:
  version "1.0.2"
  resolved "https://registry.yarnpkg.com/wrappy/-/wrappy-1.0.2.tgz#b5243d8f3ec1aa35f1364605bc0d1036e30ab69f"
  integrity sha512-l4Sp/DRseor9wL6EvV2+TuQn63dMkPjZ/sp9XkghTEbV9KlPS1xUsZ3u7/IQO4wxtcFB4bgpQPRcR3QCvezPcQ==

ws@^8.14.2:
  version "8.14.2"
  resolved "https://registry.yarnpkg.com/ws/-/ws-8.14.2.tgz#6c249a806eb2db7a20d26d51e7709eab7b2e6c7f"
  integrity sha512-wEBG1ftX4jcglPxgFCMJmZ2PLtSbJ2Peg6TmpJFTbe9GZYOQCDPdMYu/Tm0/bGZkw8paZnJY45J4K2PZrLYq8g==

yazl@^2.5.1:
  version "2.5.1"
  resolved "https://registry.yarnpkg.com/yazl/-/yazl-2.5.1.tgz#a3d65d3dd659a5b0937850e8609f22fffa2b5c35"
  integrity sha512-phENi2PLiHnHb6QBVot+dJnaAZ0xosj7p3fWl+znIjBDlnMI2PsZCJZ306BPTFOaHf5qdDEI8x5qFrSOBN5vrw==
  dependencies:
    buffer-crc32 "~0.2.3"

zip-stream@^5.0.1:
  version "5.0.1"
  resolved "https://registry.yarnpkg.com/zip-stream/-/zip-stream-5.0.1.tgz#cf3293bba121cad98be2ec7f05991d81d9f18134"
  integrity sha512-UfZ0oa0C8LI58wJ+moL46BDIMgCQbnsb+2PoiJYtonhBsMh2bq1eRBVkvjfVsqbEHd9/EgKPUuL9saSSsec8OA==
  dependencies:
    archiver-utils "^4.0.1"
    compress-commons "^5.0.1"
    readable-stream "^3.6.0"
