{
  "name": "bolt-uxp-utils",
  "version": "1.0.0",
  "lockfileVersion": 3,
  "requires": true,
  "packages": {
    "": {
      "name": "bolt-uxp-utils",
      "version": "1.0.0",
      "license": "MIT",
      "dependencies": {
        "bolt-uxp-utils": "file:bolt-uxp-utils-1.0.0.tgz"
      },
      "bin": {
        "bolt-uxp-utils": "scripts/setup.js"
      },
      "devDependencies": {
        "@adobe/cc-ext-uxp-types": "github:justintaylor-dev/cc-ext-uxp-types",
        "@adobe/premierepro": "^26.2.0",
        "@types/node": "^20.8.7",
        "@types/photoshop": "^25.0.2",
        "typescript": "^5.8.3"
      },
      "peerDependencies": {
        "@adobe/cc-ext-uxp-types": "*",
        "@adobe/premierepro": "*",
        "@types/photoshop": "*"
      }
    },
    "node_modules/@adobe/cc-ext-uxp-types": {
      "version": "7.3.1",
      "resolved": "git+ssh://git@github.com/justintaylor-dev/cc-ext-uxp-types.git#4d5d1d2b9b33729a5de44c63aba202efa575d88d"
    },
    "node_modules/@adobe/premierepro": {
      "version": "26.2.0",
      "resolved": "https://registry.npmjs.org/@adobe/premierepro/-/premierepro-26.2.0.tgz",
      "integrity": "sha512-QbV+AT0xaVK3+pwsHM02ahob9IOvL2sv+wzqI10/psRbewXJYE32vMEBq5BSkOYqSJN7NMaLlRYI+vLTqRFtsw==",
      "license": "Apache-2.0",
      "engines": {
        "node": ">=24.13.0"
      }
    },
    "node_modules/@types/node": {
      "version": "20.19.41",
      "resolved": "https://registry.npmjs.org/@types/node/-/node-20.19.41.tgz",
      "integrity": "sha512-ECymXOukMnOoVkC2bb1Vc/w/836DXncOg5m8Xj1RH7xSHZJWNYY6Zh7EH477vcnD5egKNNfy2RpNOmuChhFPgQ==",
      "dev": true,
      "license": "MIT",
      "dependencies": {
        "undici-types": "~6.21.0"
      }
    },
    "node_modules/@types/photoshop": {
      "version": "25.0.4",
      "resolved": "https://registry.npmjs.org/@types/photoshop/-/photoshop-25.0.4.tgz",
      "integrity": "sha512-HfsVvgCrkOhGYlEmtsqT3pvLHFSoa1OXIHr37GsWy1y9FQJw/vb7xcDBGMoYuJemnmWlDMqdKgnnYUZL6kF5HA==",
      "license": "MIT"
    },
    "node_modules/bolt-uxp-utils": {
      "version": "1.0.0",
      "resolved": "file:bolt-uxp-utils-1.0.0.tgz",
      "integrity": "sha512-Wf8WCEGFk6ZXjsHhepw3TQZvKr9sqYkSilIBEimoLyzjd7pm9NumBuBGj5uvTZK/wSuSqcnLuxoXg7w6zd6VRQ==",
      "license": "MIT",
      "dependencies": {
        "bolt-uxp-utils": "file:bolt-uxp-utils-1.0.0.tgz"
      },
      "bin": {
        "bolt-uxp-utils": "scripts/setup.js"
      },
      "peerDependencies": {
        "@adobe/cc-ext-uxp-types": "*",
        "@adobe/premierepro": "*",
        "@types/photoshop": "*"
      }
    },
    "node_modules/typescript": {
      "version": "5.9.3",
      "resolved": "https://registry.npmjs.org/typescript/-/typescript-5.9.3.tgz",
      "integrity": "sha512-jl1vZzPDinLr9eUt3J/t7V6FgNEw9QjvBPdysz9KfQDD41fQrC2Y4vKQdiaUpFT4bXlb1RHhLpp8wtm6M5TgSw==",
      "dev": true,
      "license": "Apache-2.0",
      "bin": {
        "tsc": "bin/tsc",
        "tsserver": "bin/tsserver"
      },
      "engines": {
        "node": ">=14.17"
      }
    },
    "node_modules/undici-types": {
      "version": "6.21.0",
      "resolved": "https://registry.npmjs.org/undici-types/-/undici-types-6.21.0.tgz",
      "integrity": "sha512-iwDZqg0QAGrg9Rav5H4n0M64c3mkR59cJ6wQp+7C4nI0gsmExaedaYLNO44eT4AtBBwjbTiGPMlt2Md0T9H9JQ==",
      "dev": true,
      "license": "MIT"
    }
  }
}
