# THIS IS AN AUTOGENERATED FILE. DO NOT EDIT THIS FILE DIRECTLY.
# yarn lockfile v1


"@adobe/cc-ext-uxp-types@github:justintaylor-dev/cc-ext-uxp-types":
  version "7.3.1"
  resolved "https://codeload.github.com/justintaylor-dev/cc-ext-uxp-types/tar.gz/4d5d1d2b9b33729a5de44c63aba202efa575d88d"

"@adobe/premierepro@26.2.1":
  version "26.2.1"
  resolved "https://registry.yarnpkg.com/@adobe/premierepro/-/premierepro-26.2.1.tgz#b2893d622a72138b621d8824bd3b0f9a42a4d8b2"
  integrity sha512-u4rSMBa65qpJPE+tNtW+99FPF+Yxf2nQDkZJKYaj/5LrC+6etH4KDstC6rGg2doOMBHH2W8+Q1J4MhP358xpRg==

"@types/node@^20.8.7":
  version "20.19.41"
  resolved "https://registry.yarnpkg.com/@types/node/-/node-20.19.41.tgz#bb266a1e0aaa2f4537d14ae8ebf238dd9ca73ce6"
  integrity sha512-ECymXOukMnOoVkC2bb1Vc/w/836DXncOg5m8Xj1RH7xSHZJWNYY6Zh7EH477vcnD5egKNNfy2RpNOmuChhFPgQ==
  dependencies:
    undici-types "~6.21.0"

"@types/photoshop@^25.0.2":
  version "25.0.4"
  resolved "https://registry.yarnpkg.com/@types/photoshop/-/photoshop-25.0.4.tgz#d16c4ae86bdda800262a1f7dcfd40967da9dbdef"
  integrity sha512-HfsVvgCrkOhGYlEmtsqT3pvLHFSoa1OXIHr37GsWy1y9FQJw/vb7xcDBGMoYuJemnmWlDMqdKgnnYUZL6kF5HA==

typescript@^5.8.3:
  version "5.9.3"
  resolved "https://registry.yarnpkg.com/typescript/-/typescript-5.9.3.tgz#5b4f59e15310ab17a216f5d6cf53ee476ede670f"
  integrity sha512-jl1vZzPDinLr9eUt3J/t7V6FgNEw9QjvBPdysz9KfQDD41fQrC2Y4vKQdiaUpFT4bXlb1RHhLpp8wtm6M5TgSw==

undici-types@~6.21.0:
  version "6.21.0"
  resolved "https://registry.yarnpkg.com/undici-types/-/undici-types-6.21.0.tgz#691d00af3909be93a7faa13be61b3a5b50ef12cb"
  integrity sha512-iwDZqg0QAGrg9Rav5H4n0M64c3mkR59cJ6wQp+7C4nI0gsmExaedaYLNO44eT4AtBBwjbTiGPMlt2Md0T9H9JQ==
