<?xml version="1.0" encoding="utf-8"?>
<Project ToolsVersion="4.0" xmlns="http://schemas.microsoft.com/developer/msbuild/2003">
  <ItemGroup>
    <Filter Include="Source Files">
      <UniqueIdentifier>{4FC737F1-C7A5-4376-A066-2A32D752A2FF}</UniqueIdentifier>
      <Extensions>cpp;c;cc;cxx;c++;cppm;ixx;def;odl;idl;hpj;bat;asm;asmx</Extensions>
    </Filter>
    <Filter Include="Resource Files">
      <UniqueIdentifier>{67DA6AB6-F800-4c08-8B7A-83BB121AAD01}</UniqueIdentifier>
      <Extensions>rc;ico;cur;bmp;dlg;rc2;rct;bin;rgs;gif;jpg;jpeg;jpe;resx;tiff;tif;png;wav;mfcribbon-ms</Extensions>
    </Filter>
    <Filter Include="API">
      <UniqueIdentifier>{60aece0f-4c85-473b-98f4-2fd184ff75d9}</UniqueIdentifier>
    </Filter>
    <Filter Include="Utilities">
      <UniqueIdentifier>{4f6d3927-f6a2-4dad-bb1c-acb44ccce9db}</UniqueIdentifier>
    </Filter>
  </ItemGroup>
  <ItemGroup>
    <ClCompile Include="..\src\module.cpp">
      <Filter>Source Files</Filter>
    </ClCompile>
    <ClCompile Include="..\src\utilities\UxpAddon.cpp">
      <Filter>Utilities</Filter>
    </ClCompile>
    <ClCompile Include="..\src\utilities\UxpTask.cpp">
      <Filter>Utilities</Filter>
    </ClCompile>
    <ClCompile Include="..\src\utilities\UxpValue.cpp">
      <Filter>Utilities</Filter>
    </ClCompile>
  </ItemGroup>
  <ItemGroup>
    <ClInclude Include="..\src\api\UxpAddonShared.h">
      <Filter>API</Filter>
    </ClInclude>
    <ClInclude Include="..\src\api\UxpAddonTypes.h">
      <Filter>API</Filter>
    </ClInclude>
    <ClInclude Include="..\src\utilities\UxpAddon.h">
      <Filter>Utilities</Filter>
    </ClInclude>
    <ClInclude Include="..\src\utilities\UxpTask.h">
      <Filter>Utilities</Filter>
    </ClInclude>
    <ClInclude Include="..\src\utilities\UxpValue.h">
      <Filter>Utilities</Filter>
    </ClInclude>
  </ItemGroup>
</Project>